
Microsoft Visual Studio Solution File, Format Version 12.00
# Visual Studio Version 17
VisualStudioVersion = 17.6.33829.357
MinimumVisualStudioVersion = 10.0.40219.1
Project("{FAE04EC0-301F-11D3-BF4B-00C04F79EFBC}") = "Abstract-Factory", "Abstract-Factory\Abstract-Factory.csproj", "{81AAFC34-6814-4511-AD69-E0E73C1176C4}"
EndProject
Global
	GlobalSection(SolutionConfigurationPlatforms) = preSolution
		Debug|Any CPU = Debug|Any CPU
		Release|Any CPU = Release|Any CPU
	EndGlobalSection
	GlobalSection(ProjectConfigurationPlatforms) = postSolution
		{81AAFC34-6814-4511-AD69-E0E73C1176C4}.Debug|Any CPU.ActiveCfg = Debug|Any CPU
		{81AAFC34-6814-4511-AD69-E0E73C1176C4}.Debug|Any CPU.Build.0 = Debug|Any CPU
		{81AAFC34-6814-4511-AD69-E0E73C1176C4}.Release|Any CPU.ActiveCfg = Release|Any CPU
		{81AAFC34-6814-4511-AD69-E0E73C1176C4}.Release|Any CPU.Build.0 = Release|Any CPU
	EndGlobalSection
	GlobalSection(SolutionProperties) = preSolution
		HideSolutionNode = FALSE
	EndGlobalSection
	GlobalSection(ExtensibilityGlobals) = postSolution
		SolutionGuid = {EE3831E3-69EA-4927-BC12-1C004C8BE5AD}
	EndGlobalSection
EndGlobal
